
Microsoft Visual Studio Solution File, Format Version 12.00
# Visual Studio Version 17
VisualStudioVersion = 17.8.34511.84
MinimumVisualStudioVersion = 10.0.40219.1
Project("{FAE04EC0-301F-11D3-BF4B-00C04F79EFBC}") = "MultiMod", "MultiMod.csproj", "{D4F94CAA-37CC-42DE-9617-CD2EA0D94394}"
EndProject
Global
	GlobalSection(SolutionConfigurationPlatforms) = preSolution
		Debug|Any CPU = Debug|Any CPU
		Release|Any CPU = Release|Any CPU
	EndGlobalSection
	GlobalSection(ProjectConfigurationPlatforms) = postSolution
		{D4F94CAA-37CC-42DE-9617-CD2EA0D94394}.Debug|Any CPU.ActiveCfg = Debug|Any CPU
		{D4F94CAA-37CC-42DE-9617-CD2EA0D94394}.Debug|Any CPU.Build.0 = Debug|Any CPU
		{D4F94CAA-37CC-42DE-9617-CD2EA0D94394}.Release|Any CPU.ActiveCfg = Release|Any CPU
		{D4F94CAA-37CC-42DE-9617-CD2EA0D94394}.Release|Any CPU.Build.0 = Release|Any CPU
	EndGlobalSection
	GlobalSection(SolutionProperties) = preSolution
		HideSolutionNode = FALSE
	EndGlobalSection
	GlobalSection(ExtensibilityGlobals) = postSolution
		SolutionGuid = {8CA46436-67DE-4D56-AE47-CC684AF69E1D}
	EndGlobalSection
EndGlobal
